
Microsoft Visual Studio Solution File, Format Version 12.00
# Visual Studio Version 16
VisualStudioVersion = 16.0.31729.503
MinimumVisualStudioVersion = 10.0.40219.1
Project("{FAE04EC0-301F-11D3-BF4B-00C04F79EFBC}") = "C-Task-1.7.1.1", "C-Task-1.7.1.1\C-Task-1.7.1.1.csproj", "{ED9D0FBE-6EBF-49BF-8DAE-F451CD82D224}"
EndProject
Project("{FAE04EC0-301F-11D3-BF4B-00C04F79EFBC}") = "NewClass", "NewClass\NewClass.csproj", "{401554C7-4165-483A-BDDB-18CDD8163108}"
EndProject
Global
	GlobalSection(SolutionConfigurationPlatforms) = preSolution
		Debug|Any CPU = Debug|Any CPU
		Release|Any CPU = Release|Any CPU
	EndGlobalSection
	GlobalSection(ProjectConfigurationPlatforms) = postSolution
		{ED9D0FBE-6EBF-49BF-8DAE-F451CD82D224}.Debug|Any CPU.ActiveCfg = Debug|Any CPU
		{ED9D0FBE-6EBF-49BF-8DAE-F451CD82D224}.Debug|Any CPU.Build.0 = Debug|Any CPU
		{ED9D0FBE-6EBF-49BF-8DAE-F451CD82D224}.Release|Any CPU.ActiveCfg = Release|Any CPU
		{ED9D0FBE-6EBF-49BF-8DAE-F451CD82D224}.Release|Any CPU.Build.0 = Release|Any CPU
		{401554C7-4165-483A-BDDB-18CDD8163108}.Debug|Any CPU.ActiveCfg = Debug|Any CPU
		{401554C7-4165-483A-BDDB-18CDD8163108}.Debug|Any CPU.Build.0 = Debug|Any CPU
		{401554C7-4165-483A-BDDB-18CDD8163108}.Release|Any CPU.ActiveCfg = Release|Any CPU
		{401554C7-4165-483A-BDDB-18CDD8163108}.Release|Any CPU.Build.0 = Release|Any CPU
	EndGlobalSection
	GlobalSection(SolutionProperties) = preSolution
		HideSolutionNode = FALSE
	EndGlobalSection
	GlobalSection(ExtensibilityGlobals) = postSolution
		SolutionGuid = {B49FC8D7-8733-4D76-9B8D-AC0D33237104}
	EndGlobalSection
EndGlobal
